// !$*UTF8*$!
{
	archiveVersion = 1;
	classes = {
	};
	objectVersion = 56;
	objects = {

/* Begin PBXBuildFile section */
		7E2602662BBBF4A800A5CA7C /* AppDelegate.swift in Sources */ = {isa = PBXBuildFile; fileRef = 7E2602652BBBF4A800A5CA7C /* AppDelegate.swift */; };
		7E2602682BBBF4A800A5CA7C /* SceneDelegate.swift in Sources */ = {isa = PBXBuildFile; fileRef = 7E2602672BBBF4A800A5CA7C /* SceneDelegate.swift */; };
		7E26026A2BBBF4A800A5CA7C /* WelcomeVC.swift in Sources */ = {isa = PBXBuildFile; fileRef = 7E2602692BBBF4A800A5CA7C /* WelcomeVC.swift */; };
		7E26026D2BBBF4A800A5CA7C /* Base in Resources */ = {isa = PBXBuildFile; fileRef = 7E26026C2BBBF4A800A5CA7C /* Base */; };
		7E26026F2BBBF4A900A5CA7C /* Assets.xcassets in Resources */ = {isa = PBXBuildFile; fileRef = 7E26026E2BBBF4A900A5CA7C /* Assets.xcassets */; };
		7E2602722BBBF4A900A5CA7C /* Base in Resources */ = {isa = PBXBuildFile; fileRef = 7E2602712BBBF4A900A5CA7C /* Base */; };
		7E26027F2BBBF6C000A5CA7C /* Constants.swift in Sources */ = {isa = PBXBuildFile; fileRef = 7E26027E2BBBF6C000A5CA7C /* Constants.swift */; };
		7E2602812BBBFBD500A5CA7C /* RegisterVC.swift in Sources */ = {isa = PBXBuildFile; fileRef = 7E2602802BBBFBD500A5CA7C /* RegisterVC.swift */; };
		7E2602832BBBFBE300A5CA7C /* LoginVC.swift in Sources */ = {isa = PBXBuildFile; fileRef = 7E2602822BBBFBE300A5CA7C /* LoginVC.swift */; };
		7E2602852BBBFBED00A5CA7C /* ChatVC.swift in Sources */ = {isa = PBXBuildFile; fileRef = 7E2602842BBBFBED00A5CA7C /* ChatVC.swift */; };
		7E2602882BBBFC4400A5CA7C /* MessageCell.xib in Resources */ = {isa = PBXBuildFile; fileRef = 7E2602872BBBFC4400A5CA7C /* MessageCell.xib */; };
		7E2602892BBBFC4400A5CA7C /* MessageCell.swift in Sources */ = {isa = PBXBuildFile; fileRef = 7E2602862BBBFC4400A5CA7C /* MessageCell.swift */; };
		7E26028B2BBBFD3800A5CA7C /* Message.swift in Sources */ = {isa = PBXBuildFile; fileRef = 7E26028A2BBBFD3800A5CA7C /* Message.swift */; };
		7E6536EC2BBCAE8D009C5750 /* User.swift in Sources */ = {isa = PBXBuildFile; fileRef = 7E6536EB2BBCAE8D009C5750 /* User.swift */; };
		7E6536EE2BBCBB15009C5750 /* ErrorResponse.swift in Sources */ = {isa = PBXBuildFile; fileRef = 7E6536ED2BBCBB15009C5750 /* ErrorResponse.swift */; };
/* End PBXBuildFile section */

/* Begin PBXFileReference section */
		7E2602622BBBF4A800A5CA7C /* Flash Chat.app */ = {isa = PBXFileReference; explicitFileType = wrapper.application; includeInIndex = 0; path = "Flash Chat.app"; sourceTree = BUILT_PRODUCTS_DIR; };
		7E2602652BBBF4A800A5CA7C /* AppDelegate.swift */ = {isa = PBXFileReference; lastKnownFileType = sourcecode.swift; path = AppDelegate.swift; sourceTree = "<group>"; };
		7E2602672BBBF4A800A5CA7C /* SceneDelegate.swift */ = {isa = PBXFileReference; lastKnownFileType = sourcecode.swift; path = SceneDelegate.swift; sourceTree = "<group>"; };
		7E2602692BBBF4A800A5CA7C /* WelcomeVC.swift */ = {isa = PBXFileReference; lastKnownFileType = sourcecode.swift; path = WelcomeVC.swift; sourceTree = "<group>"; };
		7E26026C2BBBF4A800A5CA7C /* Base */ = {isa = PBXFileReference; lastKnownFileType = file.storyboard; name = Base; path = Base.lproj/Main.storyboard; sourceTree = "<group>"; };
		7E26026E2BBBF4A900A5CA7C /* Assets.xcassets */ = {isa = PBXFileReference; lastKnownFileType = folder.assetcatalog; path = Assets.xcassets; sourceTree = "<group>"; };
		7E2602712BBBF4A900A5CA7C /* Base */ = {isa = PBXFileReference; lastKnownFileType = file.storyboard; name = Base; path = Base.lproj/LaunchScreen.storyboard; sourceTree = "<group>"; };
		7E2602732BBBF4A900A5CA7C /* Info.plist */ = {isa = PBXFileReference; lastKnownFileType = text.plist.xml; path = Info.plist; sourceTree = "<group>"; };
		7E26027E2BBBF6C000A5CA7C /* Constants.swift */ = {isa = PBXFileReference; lastKnownFileType = sourcecode.swift; path = Constants.swift; sourceTree = "<group>"; };
		7E2602802BBBFBD500A5CA7C /* RegisterVC.swift */ = {isa = PBXFileReference; lastKnownFileType = sourcecode.swift; path = RegisterVC.swift; sourceTree = "<group>"; };
		7E2602822BBBFBE300A5CA7C /* LoginVC.swift */ = {isa = PBXFileReference; lastKnownFileType = sourcecode.swift; path = LoginVC.swift; sourceTree = "<group>"; };
		7E2602842BBBFBED00A5CA7C /* ChatVC.swift */ = {isa = PBXFileReference; lastKnownFileType = sourcecode.swift; path = ChatVC.swift; sourceTree = "<group>"; };
		7E2602862BBBFC4400A5CA7C /* MessageCell.swift */ = {isa = PBXFileReference; lastKnownFileType = sourcecode.swift; path = MessageCell.swift; sourceTree = "<group>"; };
		7E2602872BBBFC4400A5CA7C /* MessageCell.xib */ = {isa = PBXFileReference; lastKnownFileType = file.xib; path = MessageCell.xib; sourceTree = "<group>"; };
		7E26028A2BBBFD3800A5CA7C /* Message.swift */ = {isa = PBXFileReference; lastKnownFileType = sourcecode.swift; path = Message.swift; sourceTree = "<group>"; };
		7E6536EB2BBCAE8D009C5750 /* User.swift */ = {isa = PBXFileReference; lastKnownFileType = sourcecode.swift; path = User.swift; sourceTree = "<group>"; };
		7E6536ED2BBCBB15009C5750 /* ErrorResponse.swift */ = {isa = PBXFileReference; lastKnownFileType = sourcecode.swift; path = ErrorResponse.swift; sourceTree = "<group>"; };
/* End PBXFileReference section */

/* Begin PBXFrameworksBuildPhase section */
		7E26025F2BBBF4A800A5CA7C /* Frameworks */ = {
			isa = PBXFrameworksBuildPhase;
			buildActionMask = 2147483647;
			files = (
			);
			runOnlyForDeploymentPostprocessing = 0;
		};
/* End PBXFrameworksBuildPhase section */

/* Begin PBXGroup section */
		7E2602592BBBF4A800A5CA7C = {
			isa = PBXGroup;
			children = (
				7E2602642BBBF4A800A5CA7C /* Flash Chat */,
				7E2602632BBBF4A800A5CA7C /* Products */,
			);
			sourceTree = "<group>";
		};
		7E2602632BBBF4A800A5CA7C /* Products */ = {
			isa = PBXGroup;
			children = (
				7E2602622BBBF4A800A5CA7C /* Flash Chat.app */,
			);
			name = Products;
			sourceTree = "<group>";
		};
		7E2602642BBBF4A800A5CA7C /* Flash Chat */ = {
			isa = PBXGroup;
			children = (
				7E26027B2BBBF51400A5CA7C /* Controllers */,
				7E26027A2BBBF50D00A5CA7C /* Models */,
				7E2602792BBBF50400A5CA7C /* Views */,
				7E2602652BBBF4A800A5CA7C /* AppDelegate.swift */,
				7E2602672BBBF4A800A5CA7C /* SceneDelegate.swift */,
				7E26026E2BBBF4A900A5CA7C /* Assets.xcassets */,
				7E2602702BBBF4A900A5CA7C /* LaunchScreen.storyboard */,
				7E2602732BBBF4A900A5CA7C /* Info.plist */,
				7E26027E2BBBF6C000A5CA7C /* Constants.swift */,
			);
			path = "Flash Chat";
			sourceTree = "<group>";
		};
		7E2602792BBBF50400A5CA7C /* Views */ = {
			isa = PBXGroup;
			children = (
				7E26026B2BBBF4A800A5CA7C /* Main.storyboard */,
				7E2602862BBBFC4400A5CA7C /* MessageCell.swift */,
				7E2602872BBBFC4400A5CA7C /* MessageCell.xib */,
			);
			path = Views;
			sourceTree = "<group>";
		};
		7E26027A2BBBF50D00A5CA7C /* Models */ = {
			isa = PBXGroup;
			children = (
				7E26028A2BBBFD3800A5CA7C /* Message.swift */,
				7E6536EB2BBCAE8D009C5750 /* User.swift */,
				7E6536ED2BBCBB15009C5750 /* ErrorResponse.swift */,
			);
			path = Models;
			sourceTree = "<group>";
		};
		7E26027B2BBBF51400A5CA7C /* Controllers */ = {
			isa = PBXGroup;
			children = (
				7E2602692BBBF4A800A5CA7C /* WelcomeVC.swift */,
				7E2602802BBBFBD500A5CA7C /* RegisterVC.swift */,
				7E2602822BBBFBE300A5CA7C /* LoginVC.swift */,
				7E2602842BBBFBED00A5CA7C /* ChatVC.swift */,
			);
			path = Controllers;
			sourceTree = "<group>";
		};
/* End PBXGroup section */

/* Begin PBXNativeTarget section */
		7E2602612BBBF4A800A5CA7C /* Flash Chat */ = {
			isa = PBXNativeTarget;
			buildConfigurationList = 7E2602762BBBF4A900A5CA7C /* Build configuration list for PBXNativeTarget "Flash Chat" */;
			buildPhases = (
				7E26025E2BBBF4A800A5CA7C /* Sources */,
				7E26025F2BBBF4A800A5CA7C /* Frameworks */,
				7E2602602BBBF4A800A5CA7C /* Resources */,
			);
			buildRules = (
			);
			dependencies = (
			);
			name = "Flash Chat";
			productName = "Flash Chat";
			productReference = 7E2602622BBBF4A800A5CA7C /* Flash Chat.app */;
			productType = "com.apple.product-type.application";
		};
/* End PBXNativeTarget section */

/* Begin PBXProject section */
		7E26025A2BBBF4A800A5CA7C /* Project object */ = {
			isa = PBXProject;
			attributes = {
				BuildIndependentTargetsInParallel = 1;
				LastSwiftUpdateCheck = 1530;
				LastUpgradeCheck = 1530;
				TargetAttributes = {
					7E2602612BBBF4A800A5CA7C = {
						CreatedOnToolsVersion = 15.3;
					};
				};
			};
			buildConfigurationList = 7E26025D2BBBF4A800A5CA7C /* Build configuration list for PBXProject "Flash Chat" */;
			compatibilityVersion = "Xcode 14.0";
			developmentRegion = en;
			hasScannedForEncodings = 0;
			knownRegions = (
				en,
				Base,
			);
			mainGroup = 7E2602592BBBF4A800A5CA7C;
			productRefGroup = 7E2602632BBBF4A800A5CA7C /* Products */;
			projectDirPath = "";
			projectRoot = "";
			targets = (
				7E2602612BBBF4A800A5CA7C /* Flash Chat */,
			);
		};
/* End PBXProject section */

/* Begin PBXResourcesBuildPhase section */
		7E2602602BBBF4A800A5CA7C /* Resources */ = {
			isa = PBXResourcesBuildPhase;
			buildActionMask = 2147483647;
			files = (
				7E26026F2BBBF4A900A5CA7C /* Assets.xcassets in Resources */,
				7E2602882BBBFC4400A5CA7C /* MessageCell.xib in Resources */,
				7E2602722BBBF4A900A5CA7C /* Base in Resources */,
				7E26026D2BBBF4A800A5CA7C /* Base in Resources */,
			);
			runOnlyForDeploymentPostprocessing = 0;
		};
/* End PBXResourcesBuildPhase section */

/* Begin PBXSourcesBuildPhase section */
		7E26025E2BBBF4A800A5CA7C /* Sources */ = {
			isa = PBXSourcesBuildPhase;
			buildActionMask = 2147483647;
			files = (
				7E2602832BBBFBE300A5CA7C /* LoginVC.swift in Sources */,
				7E2602892BBBFC4400A5CA7C /* MessageCell.swift in Sources */,
				7E26026A2BBBF4A800A5CA7C /* WelcomeVC.swift in Sources */,
				7E6536EE2BBCBB15009C5750 /* ErrorResponse.swift in Sources */,
				7E26028B2BBBFD3800A5CA7C /* Message.swift in Sources */,
				7E2602812BBBFBD500A5CA7C /* RegisterVC.swift in Sources */,
				7E2602852BBBFBED00A5CA7C /* ChatVC.swift in Sources */,
				7E2602662BBBF4A800A5CA7C /* AppDelegate.swift in Sources */,
				7E2602682BBBF4A800A5CA7C /* SceneDelegate.swift in Sources */,
				7E6536EC2BBCAE8D009C5750 /* User.swift in Sources */,
				7E26027F2BBBF6C000A5CA7C /* Constants.swift in Sources */,
			);
			runOnlyForDeploymentPostprocessing = 0;
		};
/* End PBXSourcesBuildPhase section */

/* Begin PBXVariantGroup section */
		7E26026B2BBBF4A800A5CA7C /* Main.storyboard */ = {
			isa = PBXVariantGroup;
			children = (
				7E26026C2BBBF4A800A5CA7C /* Base */,
			);
			name = Main.storyboard;
			sourceTree = "<group>";
		};
		7E2602702BBBF4A900A5CA7C /* LaunchScreen.storyboard */ = {
			isa = PBXVariantGroup;
			children = (
				7E2602712BBBF4A900A5CA7C /* Base */,
			);
			name = LaunchScreen.storyboard;
			sourceTree = "<group>";
		};
/* End PBXVariantGroup section */

/* Begin XCBuildConfiguration section */
		7E2602742BBBF4A900A5CA7C /* Debug */ = {
			isa = XCBuildConfiguration;
			buildSettings = {
				ALWAYS_SEARCH_USER_PATHS = NO;
				ASSETCATALOG_COMPILER_GENERATE_SWIFT_ASSET_SYMBOL_EXTENSIONS = YES;
				CLANG_ANALYZER_NONNULL = YES;
				CLANG_ANALYZER_NUMBER_OBJECT_CONVERSION = YES_AGGRESSIVE;
				CLANG_CXX_LANGUAGE_STANDARD = "gnu++20";
				CLANG_ENABLE_MODULES = YES;
				CLANG_ENABLE_OBJC_ARC = YES;
				CLANG_ENABLE_OBJC_WEAK = YES;
				CLANG_WARN_BLOCK_CAPTURE_AUTORELEASING = YES;
				CLANG_WARN_BOOL_CONVERSION = YES;
				CLANG_WARN_COMMA = YES;
				CLANG_WARN_CONSTANT_CONVERSION = YES;
				CLANG_WARN_DEPRECATED_OBJC_IMPLEMENTATIONS = YES;
				CLANG_WARN_DIRECT_OBJC_ISA_USAGE = YES_ERROR;
				CLANG_WARN_DOCUMENTATION_COMMENTS = YES;
				CLANG_WARN_EMPTY_BODY = YES;
				CLANG_WARN_ENUM_CONVERSION = YES;
				CLANG_WARN_INFINITE_RECURSION = YES;
				CLANG_WARN_INT_CONVERSION = YES;
				CLANG_WARN_NON_LITERAL_NULL_CONVERSION = YES;
				CLANG_WARN_OBJC_IMPLICIT_RETAIN_SELF = YES;
				CLANG_WARN_OBJC_LITERAL_CONVERSION = YES;
				CLANG_WARN_OBJC_ROOT_CLASS = YES_ERROR;
				CLANG_WARN_QUOTED_INCLUDE_IN_FRAMEWORK_HEADER = YES;
				CLANG_WARN_RANGE_LOOP_ANALYSIS = YES;
				CLANG_WARN_STRICT_PROTOTYPES = YES;
				CLANG_WARN_SUSPICIOUS_MOVE = YES;
				CLANG_WARN_UNGUARDED_AVAILABILITY = YES_AGGRESSIVE;
				CLANG_WARN_UNREACHABLE_CODE = YES;
				CLANG_WARN__DUPLICATE_METHOD_MATCH = YES;
				COPY_PHASE_STRIP = NO;
				DEBUG_INFORMATION_FORMAT = dwarf;
				ENABLE_STRICT_OBJC_MSGSEND = YES;
				ENABLE_TESTABILITY = YES;
				ENABLE_USER_SCRIPT_SANDBOXING = YES;
				GCC_C_LANGUAGE_STANDARD = gnu17;
				GCC_DYNAMIC_NO_PIC = NO;
				GCC_NO_COMMON_BLOCKS = YES;
				GCC_OPTIMIZATION_LEVEL = 0;
				GCC_PREPROCESSOR_DEFINITIONS = (
					"DEBUG=1",
					"$(inherited)",
				);
				GCC_WARN_64_TO_32_BIT_CONVERSION = YES;
				GCC_WARN_ABOUT_RETURN_TYPE = YES_ERROR;
				GCC_WARN_UNDECLARED_SELECTOR = YES;
				GCC_WARN_UNINITIALIZED_AUTOS = YES_AGGRESSIVE;
				GCC_WARN_UNUSED_FUNCTION = YES;
				GCC_WARN_UNUSED_VARIABLE = YES;
				IPHONEOS_DEPLOYMENT_TARGET = 17.4;
				LOCALIZATION_PREFERS_STRING_CATALOGS = YES;
				MTL_ENABLE_DEBUG_INFO = INCLUDE_SOURCE;
				MTL_FAST_MATH = YES;
				ONLY_ACTIVE_ARCH = YES;
				SDKROOT = iphoneos;
				SWIFT_ACTIVE_COMPILATION_CONDITIONS = "DEBUG $(inherited)";
				SWIFT_OPTIMIZATION_LEVEL = "-Onone";
			};
			name = Debug;
		};
		7E2602752BBBF4A900A5CA7C /* Release */ = {
			isa = XCBuildConfiguration;
			buildSettings = {
				ALWAYS_SEARCH_USER_PATHS = NO;
				ASSETCATALOG_COMPILER_GENERATE_SWIFT_ASSET_SYMBOL_EXTENSIONS = YES;
				CLANG_ANALYZER_NONNULL = YES;
				CLANG_ANALYZER_NUMBER_OBJECT_CONVERSION = YES_AGGRESSIVE;
				CLANG_CXX_LANGUAGE_STANDARD = "gnu++20";
				CLANG_ENABLE_MODULES = YES;
				CLANG_ENABLE_OBJC_ARC = YES;
				CLANG_ENABLE_OBJC_WEAK = YES;
				CLANG_WARN_BLOCK_CAPTURE_AUTORELEASING = YES;
				CLANG_WARN_BOOL_CONVERSION = YES;
				CLANG_WARN_COMMA = YES;
				CLANG_WARN_CONSTANT_CONVERSION = YES;
				CLANG_WARN_DEPRECATED_OBJC_IMPLEMENTATIONS = YES;
				CLANG_WARN_DIRECT_OBJC_ISA_USAGE = YES_ERROR;
				CLANG_WARN_DOCUMENTATION_COMMENTS = YES;
				CLANG_WARN_EMPTY_BODY = YES;
				CLANG_WARN_ENUM_CONVERSION = YES;
				CLANG_WARN_INFINITE_RECURSION = YES;
				CLANG_WARN_INT_CONVERSION = YES;
				CLANG_WARN_NON_LITERAL_NULL_CONVERSION = YES;
				CLANG_WARN_OBJC_IMPLICIT_RETAIN_SELF = YES;
				CLANG_WARN_OBJC_LITERAL_CONVERSION = YES;
				CLANG_WARN_OBJC_ROOT_CLASS = YES_ERROR;
				CLANG_WARN_QUOTED_INCLUDE_IN_FRAMEWORK_HEADER = YES;
				CLANG_WARN_RANGE_LOOP_ANALYSIS = YES;
				CLANG_WARN_STRICT_PROTOTYPES = YES;
				CLANG_WARN_SUSPICIOUS_MOVE = YES;
				CLANG_WARN_UNGUARDED_AVAILABILITY = YES_AGGRESSIVE;
				CLANG_WARN_UNREACHABLE_CODE = YES;
				CLANG_WARN__DUPLICATE_METHOD_MATCH = YES;
				COPY_PHASE_STRIP = NO;
				DEBUG_INFORMATION_FORMAT = "dwarf-with-dsym";
				ENABLE_NS_ASSERTIONS = NO;
				ENABLE_STRICT_OBJC_MSGSEND = YES;
				ENABLE_USER_SCRIPT_SANDBOXING = YES;
				GCC_C_LANGUAGE_STANDARD = gnu17;
				GCC_NO_COMMON_BLOCKS = YES;
				GCC_WARN_64_TO_32_BIT_CONVERSION = YES;
				GCC_WARN_ABOUT_RETURN_TYPE = YES_ERROR;
				GCC_WARN_UNDECLARED_SELECTOR = YES;
				GCC_WARN_UNINITIALIZED_AUTOS = YES_AGGRESSIVE;
				GCC_WARN_UNUSED_FUNCTION = YES;
				GCC_WARN_UNUSED_VARIABLE = YES;
				IPHONEOS_DEPLOYMENT_TARGET = 17.4;
				LOCALIZATION_PREFERS_STRING_CATALOGS = YES;
				MTL_ENABLE_DEBUG_INFO = NO;
				MTL_FAST_MATH = YES;
				SDKROOT = iphoneos;
				SWIFT_COMPILATION_MODE = wholemodule;
				VALIDATE_PRODUCT = YES;
			};
			name = Release;
		};
		7E2602772BBBF4A900A5CA7C /* Debug */ = {
			isa = XCBuildConfiguration;
			buildSettings = {
				ASSETCATALOG_COMPILER_APPICON_NAME = AppIcon;
				ASSETCATALOG_COMPILER_GLOBAL_ACCENT_COLOR_NAME = AccentColor;
				CODE_SIGN_STYLE = Automatic;
				CURRENT_PROJECT_VERSION = 1;
				DEVELOPMENT_TEAM = WMZ36KBRZ2;
				GENERATE_INFOPLIST_FILE = YES;
				INFOPLIST_FILE = "Flash Chat/Info.plist";
				INFOPLIST_KEY_UIApplicationSupportsIndirectInputEvents = YES;
				INFOPLIST_KEY_UILaunchStoryboardName = LaunchScreen;
				INFOPLIST_KEY_UIMainStoryboardFile = Main;
				INFOPLIST_KEY_UISupportedInterfaceOrientations_iPad = "UIInterfaceOrientationPortrait UIInterfaceOrientationPortraitUpsideDown UIInterfaceOrientationLandscapeLeft UIInterfaceOrientationLandscapeRight";
				INFOPLIST_KEY_UISupportedInterfaceOrientations_iPhone = "UIInterfaceOrientationPortrait UIInterfaceOrientationLandscapeLeft UIInterfaceOrientationLandscapeRight";
				IPHONEOS_DEPLOYMENT_TARGET = 17.0;
				LD_RUNPATH_SEARCH_PATHS = (
					"$(inherited)",
					"@executable_path/Frameworks",
				);
				MARKETING_VERSION = 1.0;
				PRODUCT_BUNDLE_IDENTIFIER = "dev.qrecca.Flash-Chat";
				PRODUCT_NAME = "$(TARGET_NAME)";
				SUPPORTED_PLATFORMS = "iphoneos iphonesimulator";
				SUPPORTS_MACCATALYST = NO;
				SUPPORTS_MAC_DESIGNED_FOR_IPHONE_IPAD = NO;
				SUPPORTS_XR_DESIGNED_FOR_IPHONE_IPAD = NO;
				SWIFT_EMIT_LOC_STRINGS = YES;
				SWIFT_VERSION = 5.0;
				TARGETED_DEVICE_FAMILY = 1;
			};
			name = Debug;
		};
		7E2602782BBBF4A900A5CA7C /* Release */ = {
			isa = XCBuildConfiguration;
			buildSettings = {
				ASSETCATALOG_COMPILER_APPICON_NAME = AppIcon;
				ASSETCATALOG_COMPILER_GLOBAL_ACCENT_COLOR_NAME = AccentColor;
				CODE_SIGN_STYLE = Automatic;
				CURRENT_PROJECT_VERSION = 1;
				DEVELOPMENT_TEAM = WMZ36KBRZ2;
				GENERATE_INFOPLIST_FILE = YES;
				INFOPLIST_FILE = "Flash Chat/Info.plist";
				INFOPLIST_KEY_UIApplicationSupportsIndirectInputEvents = YES;
				INFOPLIST_KEY_UILaunchStoryboardName = LaunchScreen;
				INFOPLIST_KEY_UIMainStoryboardFile = Main;
				INFOPLIST_KEY_UISupportedInterfaceOrientations_iPad = "UIInterfaceOrientationPortrait UIInterfaceOrientationPortraitUpsideDown UIInterfaceOrientationLandscapeLeft UIInterfaceOrientationLandscapeRight";
				INFOPLIST_KEY_UISupportedInterfaceOrientations_iPhone = "UIInterfaceOrientationPortrait UIInterfaceOrientationLandscapeLeft UIInterfaceOrientationLandscapeRight";
				IPHONEOS_DEPLOYMENT_TARGET = 17.0;
				LD_RUNPATH_SEARCH_PATHS = (
					"$(inherited)",
					"@executable_path/Frameworks",
				);
				MARKETING_VERSION = 1.0;
				PRODUCT_BUNDLE_IDENTIFIER = "dev.qrecca.Flash-Chat";
				PRODUCT_NAME = "$(TARGET_NAME)";
				SUPPORTED_PLATFORMS = "iphoneos iphonesimulator";
				SUPPORTS_MACCATALYST = NO;
				SUPPORTS_MAC_DESIGNED_FOR_IPHONE_IPAD = NO;
				SUPPORTS_XR_DESIGNED_FOR_IPHONE_IPAD = NO;
				SWIFT_EMIT_LOC_STRINGS = YES;
				SWIFT_VERSION = 5.0;
				TARGETED_DEVICE_FAMILY = 1;
			};
			name = Release;
		};
/* End XCBuildConfiguration section */

/* Begin XCConfigurationList section */
		7E26025D2BBBF4A800A5CA7C /* Build configuration list for PBXProject "Flash Chat" */ = {
			isa = XCConfigurationList;
			buildConfigurations = (
				7E2602742BBBF4A900A5CA7C /* Debug */,
				7E2602752BBBF4A900A5CA7C /* Release */,
			);
			defaultConfigurationIsVisible = 0;
			defaultConfigurationName = Release;
		};
		7E2602762BBBF4A900A5CA7C /* Build configuration list for PBXNativeTarget "Flash Chat" */ = {
			isa = XCConfigurationList;
			buildConfigurations = (
				7E2602772BBBF4A900A5CA7C /* Debug */,
				7E2602782BBBF4A900A5CA7C /* Release */,
			);
			defaultConfigurationIsVisible = 0;
			defaultConfigurationName = Release;
		};
/* End XCConfigurationList section */
	};
	rootObject = 7E26025A2BBBF4A800A5CA7C /* Project object */;
}
